
Microsoft Visual Studio Solution File, Format Version 12.00
# Visual Studio Version 17
VisualStudioVersion = 17.5.33530.505
MinimumVisualStudioVersion = 10.0.40219.1
Project("{FAE04EC0-301F-11D3-BF4B-00C04F79EFBC}") = "Sale.API", "Sale.API\Sale.API.csproj", "{6DCA4F5E-333F-4ED9-A4BC-4275BD5A7F6C}"
EndProject
Project("{FAE04EC0-301F-11D3-BF4B-00C04F79EFBC}") = "Sale.Application", "Sale.Application\Sale.Application.csproj", "{AF4EB4B8-CD22-4FCB-B529-40A16CA6A7B6}"
EndProject
Project("{FAE04EC0-301F-11D3-BF4B-00C04F79EFBC}") = "Sale.Domain", "Sale.Domain\Sale.Domain.csproj", "{0AA3D20C-8233-4C64-AEBE-9A0A5202C2C1}"
EndProject
Project("{FAE04EC0-301F-11D3-BF4B-00C04F79EFBC}") = "Sale.Infrastructure", "Sale.Infrastructure\Sale.Infrastructure.csproj", "{17025DF6-8F67-4250-96D2-2B41E47AA8F3}"
EndProject
Global
	GlobalSection(SolutionConfigurationPlatforms) = preSolution
		Debug|Any CPU = Debug|Any CPU
		Release|Any CPU = Release|Any CPU
	EndGlobalSection
	GlobalSection(ProjectConfigurationPlatforms) = postSolution
		{6DCA4F5E-333F-4ED9-A4BC-4275BD5A7F6C}.Debug|Any CPU.ActiveCfg = Debug|Any CPU
		{6DCA4F5E-333F-4ED9-A4BC-4275BD5A7F6C}.Debug|Any CPU.Build.0 = Debug|Any CPU
		{6DCA4F5E-333F-4ED9-A4BC-4275BD5A7F6C}.Release|Any CPU.ActiveCfg = Release|Any CPU
		{6DCA4F5E-333F-4ED9-A4BC-4275BD5A7F6C}.Release|Any CPU.Build.0 = Release|Any CPU
		{AF4EB4B8-CD22-4FCB-B529-40A16CA6A7B6}.Debug|Any CPU.ActiveCfg = Debug|Any CPU
		{AF4EB4B8-CD22-4FCB-B529-40A16CA6A7B6}.Debug|Any CPU.Build.0 = Debug|Any CPU
		{AF4EB4B8-CD22-4FCB-B529-40A16CA6A7B6}.Release|Any CPU.ActiveCfg = Release|Any CPU
		{AF4EB4B8-CD22-4FCB-B529-40A16CA6A7B6}.Release|Any CPU.Build.0 = Release|Any CPU
		{0AA3D20C-8233-4C64-AEBE-9A0A5202C2C1}.Debug|Any CPU.ActiveCfg = Debug|Any CPU
		{0AA3D20C-8233-4C64-AEBE-9A0A5202C2C1}.Debug|Any CPU.Build.0 = Debug|Any CPU
		{0AA3D20C-8233-4C64-AEBE-9A0A5202C2C1}.Release|Any CPU.ActiveCfg = Release|Any CPU
		{0AA3D20C-8233-4C64-AEBE-9A0A5202C2C1}.Release|Any CPU.Build.0 = Release|Any CPU
		{17025DF6-8F67-4250-96D2-2B41E47AA8F3}.Debug|Any CPU.ActiveCfg = Debug|Any CPU
		{17025DF6-8F67-4250-96D2-2B41E47AA8F3}.Debug|Any CPU.Build.0 = Debug|Any CPU
		{17025DF6-8F67-4250-96D2-2B41E47AA8F3}.Release|Any CPU.ActiveCfg = Release|Any CPU
		{17025DF6-8F67-4250-96D2-2B41E47AA8F3}.Release|Any CPU.Build.0 = Release|Any CPU
	EndGlobalSection
	GlobalSection(SolutionProperties) = preSolution
		HideSolutionNode = FALSE
	EndGlobalSection
	GlobalSection(ExtensibilityGlobals) = postSolution
		SolutionGuid = {D1A0FC10-FEC0-47C9-B048-A5CE4DA63F76}
	EndGlobalSection
EndGlobal
